
Microsoft Visual Studio Solution File, Format Version 12.00
# Visual Studio Version 17
VisualStudioVersion = 17.11.35312.102
MinimumVisualStudioVersion = 10.0.40219.1
Project("{FAE04EC0-301F-11D3-BF4B-00C04F79EFBC}") = "ConstraintModelLibrary", "ConstraintModelLibrary.csproj", "{CE90133C-0845-4F1F-A484-54058983CDD4}"
EndProject
Project("{FAE04EC0-301F-11D3-BF4B-00C04F79EFBC}") = "ContraintModel-TestProject", "..\ContraintModel-TestProject\ContraintModel-TestProject.csproj", "{44B46C65-11BA-4990-8E19-7AA44D6F2A44}"
EndProject
Global
	GlobalSection(SolutionConfigurationPlatforms) = preSolution
		Debug|Any CPU = Debug|Any CPU
		Release|Any CPU = Release|Any CPU
	EndGlobalSection
	GlobalSection(ProjectConfigurationPlatforms) = postSolution
		{CE90133C-0845-4F1F-A484-54058983CDD4}.Debug|Any CPU.ActiveCfg = Debug|Any CPU
		{CE90133C-0845-4F1F-A484-54058983CDD4}.Debug|Any CPU.Build.0 = Debug|Any CPU
		{CE90133C-0845-4F1F-A484-54058983CDD4}.Release|Any CPU.ActiveCfg = Release|Any CPU
		{CE90133C-0845-4F1F-A484-54058983CDD4}.Release|Any CPU.Build.0 = Release|Any CPU
		{44B46C65-11BA-4990-8E19-7AA44D6F2A44}.Debug|Any CPU.ActiveCfg = Debug|Any CPU
		{44B46C65-11BA-4990-8E19-7AA44D6F2A44}.Debug|Any CPU.Build.0 = Debug|Any CPU
		{44B46C65-11BA-4990-8E19-7AA44D6F2A44}.Release|Any CPU.ActiveCfg = Release|Any CPU
		{44B46C65-11BA-4990-8E19-7AA44D6F2A44}.Release|Any CPU.Build.0 = Release|Any CPU
	EndGlobalSection
	GlobalSection(SolutionProperties) = preSolution
		HideSolutionNode = FALSE
	EndGlobalSection
	GlobalSection(ExtensibilityGlobals) = postSolution
		SolutionGuid = {692BAE23-6C6B-4AF0-989A-E19A2FA5E244}
	EndGlobalSection
EndGlobal
