
Microsoft Visual Studio Solution File, Format Version 12.00
# Visual Studio Version 17
VisualStudioVersion = 17.11.35312.102
MinimumVisualStudioVersion = 10.0.40219.1
Project("{FAE04EC0-301F-11D3-BF4B-00C04F79EFBC}") = "WindowsFormsApp1", "WindowsFormsApp1.csproj", "{B659BD6F-61C1-44AD-91AA-2613D58CFD76}"
EndProject
Global
	GlobalSection(SolutionConfigurationPlatforms) = preSolution
		Debug|Any CPU = Debug|Any CPU
		Release|Any CPU = Release|Any CPU
	EndGlobalSection
	GlobalSection(ProjectConfigurationPlatforms) = postSolution
		{B659BD6F-61C1-44AD-91AA-2613D58CFD76}.Debug|Any CPU.ActiveCfg = Debug|Any CPU
		{B659BD6F-61C1-44AD-91AA-2613D58CFD76}.Debug|Any CPU.Build.0 = Debug|Any CPU
		{B659BD6F-61C1-44AD-91AA-2613D58CFD76}.Release|Any CPU.ActiveCfg = Release|Any CPU
		{B659BD6F-61C1-44AD-91AA-2613D58CFD76}.Release|Any CPU.Build.0 = Release|Any CPU
	EndGlobalSection
	GlobalSection(SolutionProperties) = preSolution
		HideSolutionNode = FALSE
	EndGlobalSection
	GlobalSection(ExtensibilityGlobals) = postSolution
		SolutionGuid = {17C50403-FAC8-4F24-B3F4-7FFFCDE0B136}
	EndGlobalSection
EndGlobal
