
Microsoft Visual Studio Solution File, Format Version 12.00
# Visual Studio Version 17
VisualStudioVersion = 17.11.35312.102
MinimumVisualStudioVersion = 10.0.40219.1
Project("{FAE04EC0-301F-11D3-BF4B-00C04F79EFBC}") = "NonGeneric_GenericCollection", "NonGeneric_GenericCollection.csproj", "{0E4B1036-D85D-4747-8AA7-0225B1A77075}"
EndProject
Project("{FAE04EC0-301F-11D3-BF4B-00C04F79EFBC}") = "NonGeneric_GenericCollectionApp", "..\NonGeneric_GenericCollectionApp\NonGeneric_GenericCollectionApp.csproj", "{2B3A1079-442C-4F1A-A23F-54DC24886478}"
EndProject
Project("{FAE04EC0-301F-11D3-BF4B-00C04F79EFBC}") = "IndexerApp", "..\IndexerApp\IndexerApp.csproj", "{9097F009-CBCF-4CD4-AD17-21B588F0A952}"
EndProject
Global
	GlobalSection(SolutionConfigurationPlatforms) = preSolution
		Debug|Any CPU = Debug|Any CPU
		Release|Any CPU = Release|Any CPU
	EndGlobalSection
	GlobalSection(ProjectConfigurationPlatforms) = postSolution
		{0E4B1036-D85D-4747-8AA7-0225B1A77075}.Debug|Any CPU.ActiveCfg = Debug|Any CPU
		{0E4B1036-D85D-4747-8AA7-0225B1A77075}.Debug|Any CPU.Build.0 = Debug|Any CPU
		{0E4B1036-D85D-4747-8AA7-0225B1A77075}.Release|Any CPU.ActiveCfg = Release|Any CPU
		{0E4B1036-D85D-4747-8AA7-0225B1A77075}.Release|Any CPU.Build.0 = Release|Any CPU
		{2B3A1079-442C-4F1A-A23F-54DC24886478}.Debug|Any CPU.ActiveCfg = Debug|Any CPU
		{2B3A1079-442C-4F1A-A23F-54DC24886478}.Debug|Any CPU.Build.0 = Debug|Any CPU
		{2B3A1079-442C-4F1A-A23F-54DC24886478}.Release|Any CPU.ActiveCfg = Release|Any CPU
		{2B3A1079-442C-4F1A-A23F-54DC24886478}.Release|Any CPU.Build.0 = Release|Any CPU
		{9097F009-CBCF-4CD4-AD17-21B588F0A952}.Debug|Any CPU.ActiveCfg = Debug|Any CPU
		{9097F009-CBCF-4CD4-AD17-21B588F0A952}.Debug|Any CPU.Build.0 = Debug|Any CPU
		{9097F009-CBCF-4CD4-AD17-21B588F0A952}.Release|Any CPU.ActiveCfg = Release|Any CPU
		{9097F009-CBCF-4CD4-AD17-21B588F0A952}.Release|Any CPU.Build.0 = Release|Any CPU
	EndGlobalSection
	GlobalSection(SolutionProperties) = preSolution
		HideSolutionNode = FALSE
	EndGlobalSection
	GlobalSection(ExtensibilityGlobals) = postSolution
		SolutionGuid = {EF51CF84-03A4-4A17-8E4C-4166E3BEE500}
	EndGlobalSection
EndGlobal
