
Microsoft Visual Studio Solution File, Format Version 12.00
# Visual Studio Version 17
VisualStudioVersion = 17.11.35312.102
MinimumVisualStudioVersion = 10.0.40219.1
Project("{FAE04EC0-301F-11D3-BF4B-00C04F79EFBC}") = "ConnectedArchitectureLibrary", "ConnectedArchitectureLibrary.csproj", "{08064BCE-3333-469D-88B8-73187003C9B5}"
EndProject
Project("{FAE04EC0-301F-11D3-BF4B-00C04F79EFBC}") = "ConnectedApp", "..\ConnectedApp\ConnectedApp.csproj", "{123523F0-2C44-4E52-9780-98B93609D5C1}"
EndProject
Global
	GlobalSection(SolutionConfigurationPlatforms) = preSolution
		Debug|Any CPU = Debug|Any CPU
		Release|Any CPU = Release|Any CPU
	EndGlobalSection
	GlobalSection(ProjectConfigurationPlatforms) = postSolution
		{08064BCE-3333-469D-88B8-73187003C9B5}.Debug|Any CPU.ActiveCfg = Debug|Any CPU
		{08064BCE-3333-469D-88B8-73187003C9B5}.Debug|Any CPU.Build.0 = Debug|Any CPU
		{08064BCE-3333-469D-88B8-73187003C9B5}.Release|Any CPU.ActiveCfg = Release|Any CPU
		{08064BCE-3333-469D-88B8-73187003C9B5}.Release|Any CPU.Build.0 = Release|Any CPU
		{123523F0-2C44-4E52-9780-98B93609D5C1}.Debug|Any CPU.ActiveCfg = Debug|Any CPU
		{123523F0-2C44-4E52-9780-98B93609D5C1}.Debug|Any CPU.Build.0 = Debug|Any CPU
		{123523F0-2C44-4E52-9780-98B93609D5C1}.Release|Any CPU.ActiveCfg = Release|Any CPU
		{123523F0-2C44-4E52-9780-98B93609D5C1}.Release|Any CPU.Build.0 = Release|Any CPU
	EndGlobalSection
	GlobalSection(SolutionProperties) = preSolution
		HideSolutionNode = FALSE
	EndGlobalSection
	GlobalSection(ExtensibilityGlobals) = postSolution
		SolutionGuid = {16B3FD6D-344A-4379-B15C-0ECA1E5D0730}
	EndGlobalSection
EndGlobal
